
Microsoft Visual Studio Solution File, Format Version 12.00
# Visual Studio Version 17
VisualStudioVersion = 17.0.32014.148
MinimumVisualStudioVersion = 10.0.40219.1
Project("{8BC9CEB8-8B4A-11D0-8D11-00A0C91BC942}") = "GameServerBase", "GameServerBase\GameServerBase.vcxproj", "{8109AB64-86B5-40BA-A15A-C91E58E612D5}"
EndProject
Project("{2150E333-8FDC-42A3-9474-1A3956D46DE8}") = "DOC", "DOC", "{897E8CD3-A7F8-45C9-8286-3C76BDE4B541}"
	ProjectSection(SolutionItems) = preProject
		게임서버.txt = 게임서버.txt
		설정.txt = 설정.txt
		패킷 등록 순서.txt = 패킷 등록 순서.txt
	EndProjectSection
EndProject
Project("{8BC9CEB8-8B4A-11D0-8D11-00A0C91BC942}") = "GameServerNet", "GameServerNet\GameServerNet.vcxproj", "{12646427-A883-4A1E-9648-BE9170F00B09}"
	ProjectSection(ProjectDependencies) = postProject
		{8109AB64-86B5-40BA-A15A-C91E58E612D5} = {8109AB64-86B5-40BA-A15A-C91E58E612D5}
	EndProjectSection
EndProject
Project("{8BC9CEB8-8B4A-11D0-8D11-00A0C91BC942}") = "PacketGenerator", "PacketGenerator\PacketGenerator.vcxproj", "{D467DE80-0F5B-4414-8514-14AD262EC3F9}"
	ProjectSection(ProjectDependencies) = postProject
		{12646427-A883-4A1E-9648-BE9170F00B09} = {12646427-A883-4A1E-9648-BE9170F00B09}
		{8109AB64-86B5-40BA-A15A-C91E58E612D5} = {8109AB64-86B5-40BA-A15A-C91E58E612D5}
	EndProjectSection
EndProject
Project("{2150E333-8FDC-42A3-9474-1A3956D46DE8}") = "Level1Net", "Level1Net", "{A0317FBF-FFFD-41E7-B62E-210F79D17CA7}"
EndProject
Project("{2150E333-8FDC-42A3-9474-1A3956D46DE8}") = "Level2", "Level2", "{676A709C-6533-4E2F-831B-ACEF462A49DB}"
EndProject
Project("{2150E333-8FDC-42A3-9474-1A3956D46DE8}") = "Level3Core", "Level3Core", "{837ACD33-2BD3-4D0E-A3E4-1107AEE1B11B}"
EndProject
Project("{2150E333-8FDC-42A3-9474-1A3956D46DE8}") = "Level4Content", "Level4Content", "{7EA80EEC-F4BC-4A26-AC9D-8FF69271D5B0}"
EndProject
Project("{2150E333-8FDC-42A3-9474-1A3956D46DE8}") = "Level5App", "Level5App", "{7F2DCDA4-370B-40E4-9277-1114F937DD50}"
EndProject
Project("{2150E333-8FDC-42A3-9474-1A3956D46DE8}") = "Level0Base", "Level0Base", "{28921420-2437-41C0-A341-F6F06016AB92}"
EndProject
Project("{8BC9CEB8-8B4A-11D0-8D11-00A0C91BC942}") = "GameServerApp", "GameServerApp\GameServerApp.vcxproj", "{B23F1CA5-40E8-4335-ADB6-BF29487BF5A9}"
	ProjectSection(ProjectDependencies) = postProject
		{8B02CA1F-0331-46B4-BF95-E4B44EAB84DA} = {8B02CA1F-0331-46B4-BF95-E4B44EAB84DA}
		{5204C825-FDE1-4117-B002-68CE0C2E232F} = {5204C825-FDE1-4117-B002-68CE0C2E232F}
		{12646427-A883-4A1E-9648-BE9170F00B09} = {12646427-A883-4A1E-9648-BE9170F00B09}
		{8109AB64-86B5-40BA-A15A-C91E58E612D5} = {8109AB64-86B5-40BA-A15A-C91E58E612D5}
		{D467DE80-0F5B-4414-8514-14AD262EC3F9} = {D467DE80-0F5B-4414-8514-14AD262EC3F9}
	EndProjectSection
EndProject
Project("{8BC9CEB8-8B4A-11D0-8D11-00A0C91BC942}") = "GameServerCore", "GameServerCore\GameServerCore.vcxproj", "{8B02CA1F-0331-46B4-BF95-E4B44EAB84DA}"
	ProjectSection(ProjectDependencies) = postProject
		{D467DE80-0F5B-4414-8514-14AD262EC3F9} = {D467DE80-0F5B-4414-8514-14AD262EC3F9}
	EndProjectSection
EndProject
Project("{8BC9CEB8-8B4A-11D0-8D11-00A0C91BC942}") = "GameServerContent", "GameServerContent\GameServerContent.vcxproj", "{5204C825-FDE1-4117-B002-68CE0C2E232F}"
	ProjectSection(ProjectDependencies) = postProject
		{D467DE80-0F5B-4414-8514-14AD262EC3F9} = {D467DE80-0F5B-4414-8514-14AD262EC3F9}
	EndProjectSection
EndProject
Global
	GlobalSection(SolutionConfigurationPlatforms) = preSolution
		Debug|x64 = Debug|x64
		Debug|x86 = Debug|x86
		Release|x64 = Release|x64
		Release|x86 = Release|x86
	EndGlobalSection
	GlobalSection(ProjectConfigurationPlatforms) = postSolution
		{8109AB64-86B5-40BA-A15A-C91E58E612D5}.Debug|x64.ActiveCfg = Debug|x64
		{8109AB64-86B5-40BA-A15A-C91E58E612D5}.Debug|x64.Build.0 = Debug|x64
		{8109AB64-86B5-40BA-A15A-C91E58E612D5}.Debug|x86.ActiveCfg = Debug|Win32
		{8109AB64-86B5-40BA-A15A-C91E58E612D5}.Debug|x86.Build.0 = Debug|Win32
		{8109AB64-86B5-40BA-A15A-C91E58E612D5}.Release|x64.ActiveCfg = Release|x64
		{8109AB64-86B5-40BA-A15A-C91E58E612D5}.Release|x64.Build.0 = Release|x64
		{8109AB64-86B5-40BA-A15A-C91E58E612D5}.Release|x86.ActiveCfg = Release|Win32
		{8109AB64-86B5-40BA-A15A-C91E58E612D5}.Release|x86.Build.0 = Release|Win32
		{12646427-A883-4A1E-9648-BE9170F00B09}.Debug|x64.ActiveCfg = Debug|x64
		{12646427-A883-4A1E-9648-BE9170F00B09}.Debug|x64.Build.0 = Debug|x64
		{12646427-A883-4A1E-9648-BE9170F00B09}.Debug|x86.ActiveCfg = Debug|Win32
		{12646427-A883-4A1E-9648-BE9170F00B09}.Debug|x86.Build.0 = Debug|Win32
		{12646427-A883-4A1E-9648-BE9170F00B09}.Release|x64.ActiveCfg = Release|x64
		{12646427-A883-4A1E-9648-BE9170F00B09}.Release|x64.Build.0 = Release|x64
		{12646427-A883-4A1E-9648-BE9170F00B09}.Release|x86.ActiveCfg = Release|Win32
		{12646427-A883-4A1E-9648-BE9170F00B09}.Release|x86.Build.0 = Release|Win32
		{D467DE80-0F5B-4414-8514-14AD262EC3F9}.Debug|x64.ActiveCfg = Debug|x64
		{D467DE80-0F5B-4414-8514-14AD262EC3F9}.Debug|x64.Build.0 = Debug|x64
		{D467DE80-0F5B-4414-8514-14AD262EC3F9}.Debug|x86.ActiveCfg = Debug|Win32
		{D467DE80-0F5B-4414-8514-14AD262EC3F9}.Debug|x86.Build.0 = Debug|Win32
		{D467DE80-0F5B-4414-8514-14AD262EC3F9}.Release|x64.ActiveCfg = Release|x64
		{D467DE80-0F5B-4414-8514-14AD262EC3F9}.Release|x64.Build.0 = Release|x64
		{D467DE80-0F5B-4414-8514-14AD262EC3F9}.Release|x86.ActiveCfg = Release|Win32
		{D467DE80-0F5B-4414-8514-14AD262EC3F9}.Release|x86.Build.0 = Release|Win32
		{B23F1CA5-40E8-4335-ADB6-BF29487BF5A9}.Debug|x64.ActiveCfg = Debug|x64
		{B23F1CA5-40E8-4335-ADB6-BF29487BF5A9}.Debug|x64.Build.0 = Debug|x64
		{B23F1CA5-40E8-4335-ADB6-BF29487BF5A9}.Debug|x86.ActiveCfg = Debug|Win32
		{B23F1CA5-40E8-4335-ADB6-BF29487BF5A9}.Debug|x86.Build.0 = Debug|Win32
		{B23F1CA5-40E8-4335-ADB6-BF29487BF5A9}.Release|x64.ActiveCfg = Release|x64
		{B23F1CA5-40E8-4335-ADB6-BF29487BF5A9}.Release|x64.Build.0 = Release|x64
		{B23F1CA5-40E8-4335-ADB6-BF29487BF5A9}.Release|x86.ActiveCfg = Release|Win32
		{B23F1CA5-40E8-4335-ADB6-BF29487BF5A9}.Release|x86.Build.0 = Release|Win32
		{8B02CA1F-0331-46B4-BF95-E4B44EAB84DA}.Debug|x64.ActiveCfg = Debug|x64
		{8B02CA1F-0331-46B4-BF95-E4B44EAB84DA}.Debug|x64.Build.0 = Debug|x64
		{8B02CA1F-0331-46B4-BF95-E4B44EAB84DA}.Debug|x86.ActiveCfg = Debug|Win32
		{8B02CA1F-0331-46B4-BF95-E4B44EAB84DA}.Debug|x86.Build.0 = Debug|Win32
		{8B02CA1F-0331-46B4-BF95-E4B44EAB84DA}.Release|x64.ActiveCfg = Release|x64
		{8B02CA1F-0331-46B4-BF95-E4B44EAB84DA}.Release|x64.Build.0 = Release|x64
		{8B02CA1F-0331-46B4-BF95-E4B44EAB84DA}.Release|x86.ActiveCfg = Release|Win32
		{8B02CA1F-0331-46B4-BF95-E4B44EAB84DA}.Release|x86.Build.0 = Release|Win32
		{5204C825-FDE1-4117-B002-68CE0C2E232F}.Debug|x64.ActiveCfg = Debug|x64
		{5204C825-FDE1-4117-B002-68CE0C2E232F}.Debug|x64.Build.0 = Debug|x64
		{5204C825-FDE1-4117-B002-68CE0C2E232F}.Debug|x86.ActiveCfg = Debug|Win32
		{5204C825-FDE1-4117-B002-68CE0C2E232F}.Debug|x86.Build.0 = Debug|Win32
		{5204C825-FDE1-4117-B002-68CE0C2E232F}.Release|x64.ActiveCfg = Release|x64
		{5204C825-FDE1-4117-B002-68CE0C2E232F}.Release|x64.Build.0 = Release|x64
		{5204C825-FDE1-4117-B002-68CE0C2E232F}.Release|x86.ActiveCfg = Release|Win32
		{5204C825-FDE1-4117-B002-68CE0C2E232F}.Release|x86.Build.0 = Release|Win32
	EndGlobalSection
	GlobalSection(SolutionProperties) = preSolution
		HideSolutionNode = FALSE
	EndGlobalSection
	GlobalSection(NestedProjects) = preSolution
		{8109AB64-86B5-40BA-A15A-C91E58E612D5} = {28921420-2437-41C0-A341-F6F06016AB92}
		{12646427-A883-4A1E-9648-BE9170F00B09} = {A0317FBF-FFFD-41E7-B62E-210F79D17CA7}
		{D467DE80-0F5B-4414-8514-14AD262EC3F9} = {676A709C-6533-4E2F-831B-ACEF462A49DB}
		{B23F1CA5-40E8-4335-ADB6-BF29487BF5A9} = {7F2DCDA4-370B-40E4-9277-1114F937DD50}
		{8B02CA1F-0331-46B4-BF95-E4B44EAB84DA} = {837ACD33-2BD3-4D0E-A3E4-1107AEE1B11B}
		{5204C825-FDE1-4117-B002-68CE0C2E232F} = {7EA80EEC-F4BC-4A26-AC9D-8FF69271D5B0}
	EndGlobalSection
	GlobalSection(ExtensibilityGlobals) = postSolution
		SolutionGuid = {F3C1DAFE-34C1-4351-840E-6624C734CFE1}
	EndGlobalSection
EndGlobal
