<?xml version="1.0" encoding="utf-8"?>
<Project ToolsVersion="4.0" xmlns="http://schemas.microsoft.com/developer/msbuild/2003">
  <ItemGroup>
    <ClInclude Include="pch.h">
      <Filter>pch</Filter>
    </ClInclude>
    <ClInclude Include="ServerBaseObject.h">
      <Filter>Object</Filter>
    </ClInclude>
    <ClInclude Include="ServerDebug.h">
      <Filter>Debug</Filter>
    </ClInclude>
    <ClInclude Include="ServerNameBase.h">
      <Filter>Object</Filter>
    </ClInclude>
    <ClInclude Include="ServerIOCP.h">
      <Filter>Thread</Filter>
    </ClInclude>
    <ClInclude Include="ServerThread.h">
      <Filter>Thread</Filter>
    </ClInclude>
    <ClInclude Include="ServerIOCPWorker.h">
      <Filter>Thread</Filter>
    </ClInclude>
    <ClInclude Include="DateTime.h">
      <Filter>Time</Filter>
    </ClInclude>
    <ClInclude Include="DateTimeKind.h">
      <Filter>Time</Filter>
    </ClInclude>
    <ClInclude Include="TimeInternal.h">
      <Filter>Time</Filter>
    </ClInclude>
    <ClInclude Include="ServerUnique.h">
      <Filter>Object</Filter>
    </ClInclude>
    <ClInclude Include="ServerObjectPool.h">
      <Filter>Memory</Filter>
    </ClInclude>
    <ClInclude Include="ServerString.h">
      <Filter>String</Filter>
    </ClInclude>
    <ClInclude Include="GameServerDirectory.h">
      <Filter>IO</Filter>
    </ClInclude>
    <ClInclude Include="GameServerFile.h">
      <Filter>IO</Filter>
    </ClInclude>
    <ClInclude Include="GameServerPath.h">
      <Filter>IO</Filter>
    </ClInclude>
    <ClInclude Include="ServerMath.h">
      <Filter>Math</Filter>
    </ClInclude>
    <ClInclude Include="ServerMathStruct.h">
      <Filter>Math</Filter>
    </ClInclude>
    <ClInclude Include="ServerTime.h">
      <Filter>Time</Filter>
    </ClInclude>
    <ClInclude Include="ServerQueue.h">
      <Filter>Thread</Filter>
    </ClInclude>
  </ItemGroup>
  <ItemGroup>
    <ClCompile Include="pch.cpp">
      <Filter>pch</Filter>
    </ClCompile>
    <ClCompile Include="ServerBaseObject.cpp">
      <Filter>Object</Filter>
    </ClCompile>
    <ClCompile Include="ServerDebug.cpp">
      <Filter>Debug</Filter>
    </ClCompile>
    <ClCompile Include="ServerNameBase.cpp">
      <Filter>Object</Filter>
    </ClCompile>
    <ClCompile Include="ServerIOCP.cpp">
      <Filter>Thread</Filter>
    </ClCompile>
    <ClCompile Include="ServerThread.cpp">
      <Filter>Thread</Filter>
    </ClCompile>
    <ClCompile Include="ServerIOCPWorker.cpp">
      <Filter>Thread</Filter>
    </ClCompile>
    <ClCompile Include="DateTime.cpp">
      <Filter>Time</Filter>
    </ClCompile>
    <ClCompile Include="DateTimeKind.cpp">
      <Filter>Time</Filter>
    </ClCompile>
    <ClCompile Include="TimeInternal.cpp">
      <Filter>Time</Filter>
    </ClCompile>
    <ClCompile Include="ServerUnique.cpp">
      <Filter>Object</Filter>
    </ClCompile>
    <ClCompile Include="ServerObjectPool.cpp">
      <Filter>Memory</Filter>
    </ClCompile>
    <ClCompile Include="ServerString.cpp">
      <Filter>String</Filter>
    </ClCompile>
    <ClCompile Include="GameServerDirectory.cpp">
      <Filter>IO</Filter>
    </ClCompile>
    <ClCompile Include="GameServerFile.cpp">
      <Filter>IO</Filter>
    </ClCompile>
    <ClCompile Include="GameServerPath.cpp">
      <Filter>IO</Filter>
    </ClCompile>
    <ClCompile Include="ServerTime.cpp">
      <Filter>Time</Filter>
    </ClCompile>
    <ClCompile Include="ServerQueue.cpp">
      <Filter>Thread</Filter>
    </ClCompile>
  </ItemGroup>
  <ItemGroup>
    <Filter Include="pch">
      <UniqueIdentifier>{9187dec3-1682-4147-9601-58d82513fc17}</UniqueIdentifier>
    </Filter>
    <Filter Include="Debug">
      <UniqueIdentifier>{4a203654-bed0-49f3-b4fb-0620924b00a5}</UniqueIdentifier>
    </Filter>
    <Filter Include="Thread">
      <UniqueIdentifier>{cf259dfd-4b66-49f4-a450-07795915b03b}</UniqueIdentifier>
    </Filter>
    <Filter Include="Object">
      <UniqueIdentifier>{213bbe81-0d63-4e21-9967-e02c35fec97a}</UniqueIdentifier>
    </Filter>
    <Filter Include="Time">
      <UniqueIdentifier>{b38d3764-e4b8-4c0e-ab05-91762280e1f8}</UniqueIdentifier>
    </Filter>
    <Filter Include="Memory">
      <UniqueIdentifier>{0e3e1d03-d732-4e63-b4bd-1b4c777cb44c}</UniqueIdentifier>
    </Filter>
    <Filter Include="String">
      <UniqueIdentifier>{c968b20c-d711-4823-aeaa-c236ea7b425e}</UniqueIdentifier>
    </Filter>
    <Filter Include="IO">
      <UniqueIdentifier>{e3e7a599-7b95-4949-9163-c5f00dc3083c}</UniqueIdentifier>
    </Filter>
    <Filter Include="Math">
      <UniqueIdentifier>{9f5b1c0d-e48f-4890-96e2-0df73a566051}</UniqueIdentifier>
    </Filter>
  </ItemGroup>
</Project>