<?xml version="1.0" encoding="utf-8"?>
<Project ToolsVersion="4.0" xmlns="http://schemas.microsoft.com/developer/msbuild/2003">
  <ItemGroup>
    <ClInclude Include="pch.h">
      <Filter>pch</Filter>
    </ClInclude>
    <ClInclude Include="ClientToServer.h">
      <Filter>Packet\Content</Filter>
    </ClInclude>
    <ClInclude Include="ServerAndClient.h">
      <Filter>Packet\Content</Filter>
    </ClInclude>
    <ClInclude Include="ServerToClient.h">
      <Filter>Packet\Content</Filter>
    </ClInclude>
    <ClInclude Include="PacketHandlerHeader.h">
      <Filter>ThreadHandler</Filter>
    </ClInclude>
    <ClInclude Include="ContentCore.h">
      <Filter>ContentCore</Filter>
    </ClInclude>
    <ClInclude Include="UserTable.h">
      <Filter>DBTable</Filter>
    </ClInclude>
    <ClInclude Include="PacketHandlerBase.h">
      <Filter>ThreadHandler\PacketHandlerBase</Filter>
    </ClInclude>
    <ClInclude Include="SessionUserDBData.h">
      <Filter>ThreadHandler\SessionUserDBData</Filter>
    </ClInclude>
    <ClInclude Include="DBTableEHeader.h">
      <Filter>ThreadHandler\SessionUserDBData</Filter>
    </ClInclude>
    <ClInclude Include="CharacterTable.h">
      <Filter>DBTable</Filter>
    </ClInclude>
    <ClInclude Include="PacketDispatcher.h">
      <Filter>Packet\Base\Dispatcher</Filter>
    </ClInclude>
    <ClInclude Include="RegistHandlerToDispatcher.h">
      <Filter>Packet\Base\Dispatcher</Filter>
    </ClInclude>
    <ClInclude Include="PacketConvertor.h">
      <Filter>Packet\Base\PacketConverter</Filter>
    </ClInclude>
    <ClInclude Include="ServerSerializer.h">
      <Filter>Packet\Base\PacketSerializer</Filter>
    </ClInclude>
    <ClInclude Include="ServerPacketBase.h">
      <Filter>Packet\Base\PacketBase</Filter>
    </ClInclude>
    <ClInclude Include="PacketType.h">
      <Filter>Packet\Base\PacketBase</Filter>
    </ClInclude>
    <ClInclude Include="ContentStruct.h">
      <Filter>Packet\Base\PacketBase</Filter>
    </ClInclude>
    <ClInclude Include="PacketHeader.h">
      <Filter>Packet\Content</Filter>
    </ClInclude>
    <ClInclude Include="ContentEnum.h">
      <Filter>Packet\Base\PacketBase</Filter>
    </ClInclude>
    <ClInclude Include="ChattingTable.h">
      <Filter>DBTable</Filter>
    </ClInclude>
    <ClInclude Include="JoinPacketHandler.h">
      <Filter>ThreadHandler\Login</Filter>
    </ClInclude>
    <ClInclude Include="LoginPacketHandler.h">
      <Filter>ThreadHandler\Login</Filter>
    </ClInclude>
    <ClInclude Include="SelectCharacterPacketHandler.h">
      <Filter>ThreadHandler\Login</Filter>
    </ClInclude>
    <ClInclude Include="DeleteCharacterPacketHandler.h">
      <Filter>ThreadHandler\Login</Filter>
    </ClInclude>
    <ClInclude Include="CreateCharacterPacketHandler.h">
      <Filter>ThreadHandler\Login</Filter>
    </ClInclude>
    <ClInclude Include="UDPPacketDispatcher.h">
      <Filter>Packet\Base\Dispatcher</Filter>
    </ClInclude>
    <ClInclude Include="ChatMessagePacketHandler.h">
      <Filter>ThreadHandler\Chatting</Filter>
    </ClInclude>
    <ClInclude Include="PlayerUpdatePacketHandler.h">
      <Filter>ThreadHandler\Play\UDP</Filter>
    </ClInclude>
    <ClInclude Include="ClientPlayer.h">
      <Filter>Actor</Filter>
    </ClInclude>
    <ClInclude Include="ContentQueue.h">
      <Filter>ContentQueue</Filter>
    </ClInclude>
    <ClInclude Include="ContentManager.h">
      <Filter>Content\ContentManager</Filter>
    </ClInclude>
    <ClInclude Include="GameSession.h">
      <Filter>Content\GameSession</Filter>
    </ClInclude>
    <ClInclude Include="ServerStruct.h">
      <Filter>Content\ServerStruct</Filter>
    </ClInclude>
    <ClInclude Include="RequestMathPacketHandler.h">
      <Filter>ThreadHandler\Lobby</Filter>
    </ClInclude>
    <ClInclude Include="UDPStartPacketHandler.h">
      <Filter>ThreadHandler\Lobby</Filter>
    </ClInclude>
  </ItemGroup>
  <ItemGroup>
    <ClCompile Include="pch.cpp">
      <Filter>pch</Filter>
    </ClCompile>
    <ClCompile Include="ContentCore.cpp">
      <Filter>ContentCore</Filter>
    </ClCompile>
    <ClCompile Include="UserTable.cpp">
      <Filter>DBTable</Filter>
    </ClCompile>
    <ClCompile Include="PacketHandlerBase.cpp">
      <Filter>ThreadHandler\PacketHandlerBase</Filter>
    </ClCompile>
    <ClCompile Include="SessionUserDBData.cpp">
      <Filter>ThreadHandler\SessionUserDBData</Filter>
    </ClCompile>
    <ClCompile Include="CharacterTable.cpp">
      <Filter>DBTable</Filter>
    </ClCompile>
    <ClCompile Include="PacketDispatcher.cpp">
      <Filter>Packet\Base\Dispatcher</Filter>
    </ClCompile>
    <ClCompile Include="PacketConvertor.cpp">
      <Filter>Packet\Base\PacketConverter</Filter>
    </ClCompile>
    <ClCompile Include="ServerSerializer.cpp">
      <Filter>Packet\Base\PacketSerializer</Filter>
    </ClCompile>
    <ClCompile Include="ChattingTable.cpp">
      <Filter>DBTable</Filter>
    </ClCompile>
    <ClCompile Include="JoinPacketHandler.cpp">
      <Filter>ThreadHandler\Login</Filter>
    </ClCompile>
    <ClCompile Include="LoginPacketHandler.cpp">
      <Filter>ThreadHandler\Login</Filter>
    </ClCompile>
    <ClCompile Include="SelectCharacterPacketHandler.cpp">
      <Filter>ThreadHandler\Login</Filter>
    </ClCompile>
    <ClCompile Include="DeleteCharacterPacketHandler.cpp">
      <Filter>ThreadHandler\Login</Filter>
    </ClCompile>
    <ClCompile Include="CreateCharacterPacketHandler.cpp">
      <Filter>ThreadHandler\Login</Filter>
    </ClCompile>
    <ClCompile Include="UDPPacketDispatcher.cpp">
      <Filter>Packet\Base\Dispatcher</Filter>
    </ClCompile>
    <ClCompile Include="ChatMessagePacketHandler.cpp">
      <Filter>ThreadHandler\Chatting</Filter>
    </ClCompile>
    <ClCompile Include="PlayerUpdatePacketHandler.cpp">
      <Filter>ThreadHandler\Play\UDP</Filter>
    </ClCompile>
    <ClCompile Include="ClientPlayer.cpp">
      <Filter>Actor</Filter>
    </ClCompile>
    <ClCompile Include="ContentQueue.cpp">
      <Filter>ContentQueue</Filter>
    </ClCompile>
    <ClCompile Include="ContentManager.cpp">
      <Filter>Content\ContentManager</Filter>
    </ClCompile>
    <ClCompile Include="GameSession.cpp">
      <Filter>Content\GameSession</Filter>
    </ClCompile>
    <ClCompile Include="RequestMathPacketHandler.cpp">
      <Filter>ThreadHandler\Lobby</Filter>
    </ClCompile>
    <ClCompile Include="UDPStartPacketHandler.cpp">
      <Filter>ThreadHandler\Lobby</Filter>
    </ClCompile>
  </ItemGroup>
  <ItemGroup>
    <Filter Include="pch">
      <UniqueIdentifier>{9187dec3-1682-4147-9601-58d82513fc17}</UniqueIdentifier>
    </Filter>
    <Filter Include="ThreadHandler">
      <UniqueIdentifier>{fa8907d8-326c-4732-a085-ba465a81ded6}</UniqueIdentifier>
    </Filter>
    <Filter Include="Packet">
      <UniqueIdentifier>{f7499793-39b0-43d1-bcb1-c24f88416b06}</UniqueIdentifier>
    </Filter>
    <Filter Include="Packet\Info">
      <UniqueIdentifier>{f32376a4-9340-493c-a0ab-bf568e525cdc}</UniqueIdentifier>
    </Filter>
    <Filter Include="Packet\Content">
      <UniqueIdentifier>{753895b0-4eb0-494e-a4df-2621a17c1795}</UniqueIdentifier>
    </Filter>
    <Filter Include="Packet\Base">
      <UniqueIdentifier>{a5bd641a-8dd4-4b09-a418-a9590f7929c8}</UniqueIdentifier>
    </Filter>
    <Filter Include="ContentCore">
      <UniqueIdentifier>{e14a7a1e-7e23-4ba7-959e-633cbf10f4a8}</UniqueIdentifier>
    </Filter>
    <Filter Include="ThreadHandler\PacketHandlerBase">
      <UniqueIdentifier>{194aabc5-cfff-4c87-a105-ba228727f4fd}</UniqueIdentifier>
    </Filter>
    <Filter Include="Packet\Base\Dispatcher">
      <UniqueIdentifier>{36742f35-a925-4093-9cda-ecce7c4b2caa}</UniqueIdentifier>
    </Filter>
    <Filter Include="Packet\Base\PacketConverter">
      <UniqueIdentifier>{0e763ab9-23f2-4e42-8d1e-c40652d4e683}</UniqueIdentifier>
    </Filter>
    <Filter Include="Packet\Base\PacketSerializer">
      <UniqueIdentifier>{81049bdf-348d-4257-b01f-9223e46e24f4}</UniqueIdentifier>
    </Filter>
    <Filter Include="Packet\Base\PacketBase">
      <UniqueIdentifier>{c64c78ce-32cc-4d31-9a83-1074c51cef81}</UniqueIdentifier>
    </Filter>
    <Filter Include="ThreadHandler\SessionUserDBData">
      <UniqueIdentifier>{5f034ab5-8837-4ca7-8c4a-cce649117d3a}</UniqueIdentifier>
    </Filter>
    <Filter Include="ThreadHandler\Login">
      <UniqueIdentifier>{8c074b15-64f5-4580-a340-ac6883e3593a}</UniqueIdentifier>
    </Filter>
    <Filter Include="DBTable">
      <UniqueIdentifier>{474abc16-ea98-48b7-80d9-009212ec956a}</UniqueIdentifier>
    </Filter>
    <Filter Include="ThreadHandler\Chatting">
      <UniqueIdentifier>{7e8d4484-edf0-416d-983c-8d7f16bae158}</UniqueIdentifier>
    </Filter>
    <Filter Include="Actor">
      <UniqueIdentifier>{ec8f6d2f-a8de-4655-88d6-be5a3e97daed}</UniqueIdentifier>
    </Filter>
    <Filter Include="ThreadHandler\Play">
      <UniqueIdentifier>{f8942622-3b2e-4fb0-a835-2d81eb247bf9}</UniqueIdentifier>
    </Filter>
    <Filter Include="ThreadHandler\Play\UDP">
      <UniqueIdentifier>{a25c48fd-12a6-4f14-879c-a2fd3fb3df96}</UniqueIdentifier>
    </Filter>
    <Filter Include="ContentQueue">
      <UniqueIdentifier>{6c906a1c-89e9-4f43-9179-3ded8497f2a2}</UniqueIdentifier>
    </Filter>
    <Filter Include="ThreadHandler\Lobby">
      <UniqueIdentifier>{6f451a9d-232c-4eab-b9da-b265ebc82513}</UniqueIdentifier>
    </Filter>
    <Filter Include="Content">
      <UniqueIdentifier>{3114c281-111d-4d3d-a940-86113df61849}</UniqueIdentifier>
    </Filter>
    <Filter Include="Content\ContentManager">
      <UniqueIdentifier>{6e43f35c-6f25-42e0-8cd3-7dbd363959c5}</UniqueIdentifier>
    </Filter>
    <Filter Include="Content\GameSession">
      <UniqueIdentifier>{eebe389d-933e-43be-ab02-428f1493a2f5}</UniqueIdentifier>
    </Filter>
    <Filter Include="Content\ServerStruct">
      <UniqueIdentifier>{64e2276f-4e9d-4474-8cfe-4afeb17c9bea}</UniqueIdentifier>
    </Filter>
  </ItemGroup>
  <ItemGroup>
    <Text Include="PacketInfo\ClientToServer.txt">
      <Filter>Packet\Info</Filter>
    </Text>
    <Text Include="PacketInfo\ServerAndClient.txt">
      <Filter>Packet\Info</Filter>
    </Text>
    <Text Include="PacketInfo\ServerToClient.txt">
      <Filter>Packet\Info</Filter>
    </Text>
  </ItemGroup>
</Project>